dependencies:
  espp/format:
    component_hash: 9ab5c4d5bdaa0b64553d6a447f9dfb041cdf9cc40e6eae4dba1ce6d16b433bad
    dependencies:
    - name: idf
      require: private
      version: '>=5.0'
    source:
      registry_url: https://components.espressif.com
      type: service
    version: 0.21.0
  espp/hid-rp:
    component_hash: 29f7d5471124cf91c1256e1c2312f42327cc82e9acc0c3ddd496bd1b108023a4
    dependencies:
    - name: espp/format
      registry_url: https://components.espressif.com
      require: private
      version: '>=0.21.0'
    - name: idf
      require: private
      version: '>=5.0'
    source:
      registry_url: https://components.espressif.com/
      type: service
    version: 0.21.0
  espressif/cmake_utilities:
    component_hash: 351350613ceafba240b761b4ea991e0f231ac7a9f59a9ee901f751bddc0bb18f
    dependencies:
    - name: idf
      registry_url: https://components.espressif.com
      require: private
      version: '>=4.1'
    source:
      registry_url: https://components.espressif.com
      type: service
    version: 0.5.3
  espressif/esp-idf-cxx:
    component_hash: 2fa63e4e725f0c2d3dd6d99da8a91d404b4b49667088b1be0f336eb9c13ff17f
    dependencies:
    - name: idf
      registry_url: https://components.espressif.com
      require: private
      version: '>=5.0'
    source:
      registry_url: https://components.espressif.com/
      type: service
    version: 1.0.2-beta
  espressif/keyboard_button:
    component_hash: 66e3953901b2a1489a50b0c8df8a86eedc442139e6de5695263b724b1e24fd42
    dependencies:
    - name: idf
      require: private
      version: '>=5.0'
    - name: espressif/cmake_utilities
      registry_url: https://components.espressif.com
      require: private
      version: 0.*
    source:
      registry_url: https://components.espressif.com/
      type: service
    version: 1.0.0
  h2zero/esp-nimble-cpp:
    component_hash: 82f654989d6e7a82744e32af78fd796d02c545a1728f35d165f4dacd4fcc3663
    dependencies: []
    source:
      registry_url: https://components.espressif.com/
      type: service
    version: 2.2.1
  idf:
    source:
      type: idf
    version: 5.3.1
direct_dependencies:
- espp/hid-rp
- espressif/esp-idf-cxx
- espressif/keyboard_button
- h2zero/esp-nimble-cpp
- idf
manifest_hash: 809c8ae4805c1bf1a1bfecf00047973871208346e780e4a17376ef8053a29e72
target: esp32s3
version: 2.0.0
